
Microsoft Visual Studio Solution File, Format Version 12.00
# Visual Studio Version 16
VisualStudioVersion = 16.0.30330.147
MinimumVisualStudioVersion = 10.0.40219.1
Project("{FAE04EC0-301F-11D3-BF4B-00C04F79EFBC}") = "Zadanie6", "Zadanie6\Zadanie6.csproj", "{F53521B3-C3F3-433C-820A-906ACE05A046}"
EndProject
Global
	GlobalSection(SolutionConfigurationPlatforms) = preSolution
		Debug|Any CPU = Debug|Any CPU
		Release|Any CPU = Release|Any CPU
	EndGlobalSection
	GlobalSection(ProjectConfigurationPlatforms) = postSolution
		{F53521B3-C3F3-433C-820A-906ACE05A046}.Debug|Any CPU.ActiveCfg = Debug|Any CPU
		{F53521B3-C3F3-433C-820A-906ACE05A046}.Debug|Any CPU.Build.0 = Debug|Any CPU
		{F53521B3-C3F3-433C-820A-906ACE05A046}.Release|Any CPU.ActiveCfg = Release|Any CPU
		{F53521B3-C3F3-433C-820A-906ACE05A046}.Release|Any CPU.Build.0 = Release|Any CPU
	EndGlobalSection
	GlobalSection(SolutionProperties) = preSolution
		HideSolutionNode = FALSE
	EndGlobalSection
	GlobalSection(ExtensibilityGlobals) = postSolution
		SolutionGuid = {0DEBFDF8-1A94-4754-ACBC-19DF54A3D8B5}
	EndGlobalSection
EndGlobal
